
Microsoft Visual Studio Solution File, Format Version 12.00
# Visual Studio Version 16
VisualStudioVersion = 16.0.31729.503
MinimumVisualStudioVersion = 10.0.40219.1
Project("{FAE04EC0-301F-11D3-BF4B-00C04F79EFBC}") = "Module2HW5", "Module2HW5\Module2HW5.csproj", "{9259B613-6751-4552-B476-A78369609E01}"
EndProject
Global
	GlobalSection(SolutionConfigurationPlatforms) = preSolution
		Debug|Any CPU = Debug|Any CPU
		Release|Any CPU = Release|Any CPU
	EndGlobalSection
	GlobalSection(ProjectConfigurationPlatforms) = postSolution
		{9259B613-6751-4552-B476-A78369609E01}.Debug|Any CPU.ActiveCfg = Debug|Any CPU
		{9259B613-6751-4552-B476-A78369609E01}.Debug|Any CPU.Build.0 = Debug|Any CPU
		{9259B613-6751-4552-B476-A78369609E01}.Release|Any CPU.ActiveCfg = Release|Any CPU
		{9259B613-6751-4552-B476-A78369609E01}.Release|Any CPU.Build.0 = Release|Any CPU
	EndGlobalSection
	GlobalSection(SolutionProperties) = preSolution
		HideSolutionNode = FALSE
	EndGlobalSection
	GlobalSection(ExtensibilityGlobals) = postSolution
		SolutionGuid = {FEBDC74C-BB8C-4BFB-A11F-BC29708EFFAC}
	EndGlobalSection
EndGlobal
